// !$*UTF8*$!
{
	archiveVersion = 1;
	classes = {
	};
	objectVersion = 77;
	objects = {

/* Begin PBXBuildFile section */
		27AD4A7A2DAEA00200EBFCC8 /* GHUsersCore.framework in Frameworks */ = {isa = PBXBuildFile; fileRef = 27AD4A742DAEA00200EBFCC8 /* GHUsersCore.framework */; };
		27AD4A7B2DAEA00200EBFCC8 /* GHUsersCore.framework in Embed Frameworks */ = {isa = PBXBuildFile; fileRef = 27AD4A742DAEA00200EBFCC8 /* GHUsersCore.framework */; settings = {ATTRIBUTES = (CodeSignOnCopy, RemoveHeadersOnCopy, ); }; };
		27EA49AA2DB0255E00646B38 /* GHUsersCore.framework in Frameworks */ = {isa = PBXBuildFile; fileRef = 27AD4A742DAEA00200EBFCC8 /* GHUsersCore.framework */; };
/* End PBXBuildFile section */

/* Begin PBXContainerItemProxy section */
		27AD4A782DAEA00200EBFCC8 /* PBXContainerItemProxy */ = {
			isa = PBXContainerItemProxy;
			containerPortal = 27AD49F82DAE07AC00EBFCC8 /* Project object */;
			proxyType = 1;
			remoteGlobalIDString = 27AD4A732DAEA00200EBFCC8;
			remoteInfo = GHUsersCore;
		};
		27D818222DB0EA21001A0776 /* PBXContainerItemProxy */ = {
			isa = PBXContainerItemProxy;
			containerPortal = 27AD49F82DAE07AC00EBFCC8 /* Project object */;
			proxyType = 1;
			remoteGlobalIDString = 27AD49FF2DAE07AC00EBFCC8;
			remoteInfo = GHUsers;
		};
		27EA49AB2DB0255E00646B38 /* PBXContainerItemProxy */ = {
			isa = PBXContainerItemProxy;
			containerPortal = 27AD49F82DAE07AC00EBFCC8 /* Project object */;
			proxyType = 1;
			remoteGlobalIDString = 27AD4A732DAEA00200EBFCC8;
			remoteInfo = GHUsersCore;
		};
/* End PBXContainerItemProxy section */

/* Begin PBXCopyFilesBuildPhase section */
		27AD4A802DAEA00200EBFCC8 /* Embed Frameworks */ = {
			isa = PBXCopyFilesBuildPhase;
			buildActionMask = 2147483647;
			dstPath = "";
			dstSubfolderSpec = 10;
			files = (
				27AD4A7B2DAEA00200EBFCC8 /* GHUsersCore.framework in Embed Frameworks */,
			);
			name = "Embed Frameworks";
			runOnlyForDeploymentPostprocessing = 0;
		};
/* End PBXCopyFilesBuildPhase section */

/* Begin PBXFileReference section */
		27AD4A002DAE07AC00EBFCC8 /* GHUsers.app */ = {isa = PBXFileReference; explicitFileType = wrapper.application; includeInIndex = 0; path = GHUsers.app; sourceTree = BUILT_PRODUCTS_DIR; };
		27AD4A742DAEA00200EBFCC8 /* GHUsersCore.framework */ = {isa = PBXFileReference; explicitFileType = wrapper.framework; includeInIndex = 0; path = GHUsersCore.framework; sourceTree = BUILT_PRODUCTS_DIR; };
		27D8181C2DB0EA21001A0776 /* GHUsersUITests.xctest */ = {isa = PBXFileReference; explicitFileType = wrapper.cfbundle; includeInIndex = 0; path = GHUsersUITests.xctest; sourceTree = BUILT_PRODUCTS_DIR; };
		27EA49A62DB0255E00646B38 /* GHUsersCoreTests.xctest */ = {isa = PBXFileReference; explicitFileType = wrapper.cfbundle; includeInIndex = 0; path = GHUsersCoreTests.xctest; sourceTree = BUILT_PRODUCTS_DIR; };
/* End PBXFileReference section */

/* Begin PBXFileSystemSynchronizedBuildFileExceptionSet section */
		27AD4A122DAE07AE00EBFCC8 /* Exceptions for "GHUsers" folder in "GHUsers" target */ = {
			isa = PBXFileSystemSynchronizedBuildFileExceptionSet;
			membershipExceptions = (
				Config/Info.plist,
			);
			target = 27AD49FF2DAE07AC00EBFCC8 /* GHUsers */;
		};
		27AD4A7F2DAEA00200EBFCC8 /* Exceptions for "GHUsersCore" folder in "GHUsersCore" target */ = {
			isa = PBXFileSystemSynchronizedBuildFileExceptionSet;
			publicHeaders = (
				GHUsersCore.h,
			);
			target = 27AD4A732DAEA00200EBFCC8 /* GHUsersCore */;
		};
/* End PBXFileSystemSynchronizedBuildFileExceptionSet section */

/* Begin PBXFileSystemSynchronizedRootGroup section */
		27AD4A022DAE07AC00EBFCC8 /* GHUsers */ = {
			isa = PBXFileSystemSynchronizedRootGroup;
			exceptions = (
				27AD4A122DAE07AE00EBFCC8 /* Exceptions for "GHUsers" folder in "GHUsers" target */,
			);
			path = GHUsers;
			sourceTree = "<group>";
		};
		27AD4A752DAEA00200EBFCC8 /* GHUsersCore */ = {
			isa = PBXFileSystemSynchronizedRootGroup;
			exceptions = (
				27AD4A7F2DAEA00200EBFCC8 /* Exceptions for "GHUsersCore" folder in "GHUsersCore" target */,
			);
			path = GHUsersCore;
			sourceTree = "<group>";
		};
		27D8181D2DB0EA21001A0776 /* GHUsersUITests */ = {
			isa = PBXFileSystemSynchronizedRootGroup;
			path = GHUsersUITests;
			sourceTree = "<group>";
		};
		27EA49A72DB0255E00646B38 /* GHUsersCoreTests */ = {
			isa = PBXFileSystemSynchronizedRootGroup;
			path = GHUsersCoreTests;
			sourceTree = "<group>";
		};
/* End PBXFileSystemSynchronizedRootGroup section */

/* Begin PBXFrameworksBuildPhase section */
		27AD49FD2DAE07AC00EBFCC8 /* Frameworks */ = {
			isa = PBXFrameworksBuildPhase;
			buildActionMask = 2147483647;
			files = (
				27AD4A7A2DAEA00200EBFCC8 /* GHUsersCore.framework in Frameworks */,
			);
			runOnlyForDeploymentPostprocessing = 0;
		};
		27AD4A712DAEA00200EBFCC8 /* Frameworks */ = {
			isa = PBXFrameworksBuildPhase;
			buildActionMask = 2147483647;
			files = (
			);
			runOnlyForDeploymentPostprocessing = 0;
		};
		27D818192DB0EA21001A0776 /* Frameworks */ = {
			isa = PBXFrameworksBuildPhase;
			buildActionMask = 2147483647;
			files = (
			);
			runOnlyForDeploymentPostprocessing = 0;
		};
		27EA49A32DB0255E00646B38 /* Frameworks */ = {
			isa = PBXFrameworksBuildPhase;
			buildActionMask = 2147483647;
			files = (
				27EA49AA2DB0255E00646B38 /* GHUsersCore.framework in Frameworks */,
			);
			runOnlyForDeploymentPostprocessing = 0;
		};
/* End PBXFrameworksBuildPhase section */

/* Begin PBXGroup section */
		27AD49F72DAE07AC00EBFCC8 = {
			isa = PBXGroup;
			children = (
				27AD4A022DAE07AC00EBFCC8 /* GHUsers */,
				27AD4A752DAEA00200EBFCC8 /* GHUsersCore */,
				27EA49A72DB0255E00646B38 /* GHUsersCoreTests */,
				27D8181D2DB0EA21001A0776 /* GHUsersUITests */,
				27AD4A012DAE07AC00EBFCC8 /* Products */,
			);
			sourceTree = "<group>";
		};
		27AD4A012DAE07AC00EBFCC8 /* Products */ = {
			isa = PBXGroup;
			children = (
				27AD4A002DAE07AC00EBFCC8 /* GHUsers.app */,
				27AD4A742DAEA00200EBFCC8 /* GHUsersCore.framework */,
				27EA49A62DB0255E00646B38 /* GHUsersCoreTests.xctest */,
				27D8181C2DB0EA21001A0776 /* GHUsersUITests.xctest */,
			);
			name = Products;
			sourceTree = "<group>";
		};
/* End PBXGroup section */

/* Begin PBXHeadersBuildPhase section */
		27AD4A6F2DAEA00200EBFCC8 /* Headers */ = {
			isa = PBXHeadersBuildPhase;
			buildActionMask = 2147483647;
			files = (
			);
			runOnlyForDeploymentPostprocessing = 0;
		};
/* End PBXHeadersBuildPhase section */

/* Begin PBXNativeTarget section */
		27AD49FF2DAE07AC00EBFCC8 /* GHUsers */ = {
			isa = PBXNativeTarget;
			buildConfigurationList = 27AD4A132DAE07AE00EBFCC8 /* Build configuration list for PBXNativeTarget "GHUsers" */;
			buildPhases = (
				27AD49FC2DAE07AC00EBFCC8 /* Sources */,
				27AD49FD2DAE07AC00EBFCC8 /* Frameworks */,
				27AD49FE2DAE07AC00EBFCC8 /* Resources */,
				27AD4A802DAEA00200EBFCC8 /* Embed Frameworks */,
			);
			buildRules = (
			);
			dependencies = (
				27AD4A792DAEA00200EBFCC8 /* PBXTargetDependency */,
			);
			fileSystemSynchronizedGroups = (
				27AD4A022DAE07AC00EBFCC8 /* GHUsers */,
			);
			name = GHUsers;
			packageProductDependencies = (
			);
			productName = GHUsers;
			productReference = 27AD4A002DAE07AC00EBFCC8 /* GHUsers.app */;
			productType = "com.apple.product-type.application";
		};
		27AD4A732DAEA00200EBFCC8 /* GHUsersCore */ = {
			isa = PBXNativeTarget;
			buildConfigurationList = 27AD4A7C2DAEA00200EBFCC8 /* Build configuration list for PBXNativeTarget "GHUsersCore" */;
			buildPhases = (
				27AD4A6F2DAEA00200EBFCC8 /* Headers */,
				27AD4A702DAEA00200EBFCC8 /* Sources */,
				27AD4A712DAEA00200EBFCC8 /* Frameworks */,
				27AD4A722DAEA00200EBFCC8 /* Resources */,
			);
			buildRules = (
			);
			dependencies = (
			);
			fileSystemSynchronizedGroups = (
				27AD4A752DAEA00200EBFCC8 /* GHUsersCore */,
			);
			name = GHUsersCore;
			packageProductDependencies = (
			);
			productName = GHUsersCore;
			productReference = 27AD4A742DAEA00200EBFCC8 /* GHUsersCore.framework */;
			productType = "com.apple.product-type.framework";
		};
		27D8181B2DB0EA21001A0776 /* GHUsersUITests */ = {
			isa = PBXNativeTarget;
			buildConfigurationList = 27D818262DB0EA21001A0776 /* Build configuration list for PBXNativeTarget "GHUsersUITests" */;
			buildPhases = (
				27D818182DB0EA21001A0776 /* Sources */,
				27D818192DB0EA21001A0776 /* Frameworks */,
				27D8181A2DB0EA21001A0776 /* Resources */,
			);
			buildRules = (
			);
			dependencies = (
				27D818232DB0EA21001A0776 /* PBXTargetDependency */,
			);
			fileSystemSynchronizedGroups = (
				27D8181D2DB0EA21001A0776 /* GHUsersUITests */,
			);
			name = GHUsersUITests;
			packageProductDependencies = (
			);
			productName = GHUsersUITests;
			productReference = 27D8181C2DB0EA21001A0776 /* GHUsersUITests.xctest */;
			productType = "com.apple.product-type.bundle.ui-testing";
		};
		27EA49A52DB0255E00646B38 /* GHUsersCoreTests */ = {
			isa = PBXNativeTarget;
			buildConfigurationList = 27EA49AD2DB0255E00646B38 /* Build configuration list for PBXNativeTarget "GHUsersCoreTests" */;
			buildPhases = (
				27EA49A22DB0255E00646B38 /* Sources */,
				27EA49A32DB0255E00646B38 /* Frameworks */,
				27EA49A42DB0255E00646B38 /* Resources */,
			);
			buildRules = (
			);
			dependencies = (
				27EA49AC2DB0255E00646B38 /* PBXTargetDependency */,
			);
			fileSystemSynchronizedGroups = (
				27EA49A72DB0255E00646B38 /* GHUsersCoreTests */,
			);
			name = GHUsersCoreTests;
			packageProductDependencies = (
			);
			productName = GHUsersCoreTests;
			productReference = 27EA49A62DB0255E00646B38 /* GHUsersCoreTests.xctest */;
			productType = "com.apple.product-type.bundle.unit-test";
		};
/* End PBXNativeTarget section */

/* Begin PBXProject section */
		27AD49F82DAE07AC00EBFCC8 /* Project object */ = {
			isa = PBXProject;
			attributes = {
				BuildIndependentTargetsInParallel = 1;
				LastSwiftUpdateCheck = 1620;
				LastUpgradeCheck = 1620;
				TargetAttributes = {
					27AD49FF2DAE07AC00EBFCC8 = {
						CreatedOnToolsVersion = 16.2;
					};
					27AD4A732DAEA00200EBFCC8 = {
						CreatedOnToolsVersion = 16.2;
						LastSwiftMigration = 1620;
					};
					27D8181B2DB0EA21001A0776 = {
						CreatedOnToolsVersion = 16.2;
						TestTargetID = 27AD49FF2DAE07AC00EBFCC8;
					};
					27EA49A52DB0255E00646B38 = {
						CreatedOnToolsVersion = 16.2;
						LastSwiftMigration = 1620;
					};
				};
			};
			buildConfigurationList = 27AD49FB2DAE07AC00EBFCC8 /* Build configuration list for PBXProject "GHUsers" */;
			developmentRegion = en;
			hasScannedForEncodings = 0;
			knownRegions = (
				en,
				Base,
			);
			mainGroup = 27AD49F72DAE07AC00EBFCC8;
			minimizedProjectReferenceProxies = 1;
			preferredProjectObjectVersion = 77;
			productRefGroup = 27AD4A012DAE07AC00EBFCC8 /* Products */;
			projectDirPath = "";
			projectRoot = "";
			targets = (
				27AD49FF2DAE07AC00EBFCC8 /* GHUsers */,
				27AD4A732DAEA00200EBFCC8 /* GHUsersCore */,
				27EA49A52DB0255E00646B38 /* GHUsersCoreTests */,
				27D8181B2DB0EA21001A0776 /* GHUsersUITests */,
			);
		};
/* End PBXProject section */

/* Begin PBXResourcesBuildPhase section */
		27AD49FE2DAE07AC00EBFCC8 /* Resources */ = {
			isa = PBXResourcesBuildPhase;
			buildActionMask = 2147483647;
			files = (
			);
			runOnlyForDeploymentPostprocessing = 0;
		};
		27AD4A722DAEA00200EBFCC8 /* Resources */ = {
			isa = PBXResourcesBuildPhase;
			buildActionMask = 2147483647;
			files = (
			);
			runOnlyForDeploymentPostprocessing = 0;
		};
		27D8181A2DB0EA21001A0776 /* Resources */ = {
			isa = PBXResourcesBuildPhase;
			buildActionMask = 2147483647;
			files = (
			);
			runOnlyForDeploymentPostprocessing = 0;
		};
		27EA49A42DB0255E00646B38 /* Resources */ = {
			isa = PBXResourcesBuildPhase;
			buildActionMask = 2147483647;
			files = (
			);
			runOnlyForDeploymentPostprocessing = 0;
		};
/* End PBXResourcesBuildPhase section */

/* Begin PBXSourcesBuildPhase section */
		27AD49FC2DAE07AC00EBFCC8 /* Sources */ = {
			isa = PBXSourcesBuildPhase;
			buildActionMask = 2147483647;
			files = (
			);
			runOnlyForDeploymentPostprocessing = 0;
		};
		27AD4A702DAEA00200EBFCC8 /* Sources */ = {
			isa = PBXSourcesBuildPhase;
			buildActionMask = 2147483647;
			files = (
			);
			runOnlyForDeploymentPostprocessing = 0;
		};
		27D818182DB0EA21001A0776 /* Sources */ = {
			isa = PBXSourcesBuildPhase;
			buildActionMask = 2147483647;
			files = (
			);
			runOnlyForDeploymentPostprocessing = 0;
		};
		27EA49A22DB0255E00646B38 /* Sources */ = {
			isa = PBXSourcesBuildPhase;
			buildActionMask = 2147483647;
			files = (
			);
			runOnlyForDeploymentPostprocessing = 0;
		};
/* End PBXSourcesBuildPhase section */

/* Begin PBXTargetDependency section */
		27AD4A792DAEA00200EBFCC8 /* PBXTargetDependency */ = {
			isa = PBXTargetDependency;
			target = 27AD4A732DAEA00200EBFCC8 /* GHUsersCore */;
			targetProxy = 27AD4A782DAEA00200EBFCC8 /* PBXContainerItemProxy */;
		};
		27D818232DB0EA21001A0776 /* PBXTargetDependency */ = {
			isa = PBXTargetDependency;
			target = 27AD49FF2DAE07AC00EBFCC8 /* GHUsers */;
			targetProxy = 27D818222DB0EA21001A0776 /* PBXContainerItemProxy */;
		};
		27EA49AC2DB0255E00646B38 /* PBXTargetDependency */ = {
			isa = PBXTargetDependency;
			target = 27AD4A732DAEA00200EBFCC8 /* GHUsersCore */;
			targetProxy = 27EA49AB2DB0255E00646B38 /* PBXContainerItemProxy */;
		};
/* End PBXTargetDependency section */

/* Begin XCBuildConfiguration section */
		27AD4A142DAE07AE00EBFCC8 /* Debug */ = {
			isa = XCBuildConfiguration;
			buildSettings = {
				ASSETCATALOG_COMPILER_APPICON_NAME = AppIcon;
				ASSETCATALOG_COMPILER_GLOBAL_ACCENT_COLOR_NAME = AccentColor;
				CODE_SIGN_STYLE = Automatic;
				CURRENT_PROJECT_VERSION = 1;
				GENERATE_INFOPLIST_FILE = YES;
				INFOPLIST_FILE = GHUsers/Config/Info.plist;
				INFOPLIST_KEY_UIApplicationSupportsIndirectInputEvents = YES;
				INFOPLIST_KEY_UILaunchStoryboardName = LaunchScreen;
				INFOPLIST_KEY_UISupportedInterfaceOrientations_iPad = "UIInterfaceOrientationPortrait UIInterfaceOrientationPortraitUpsideDown UIInterfaceOrientationLandscapeLeft UIInterfaceOrientationLandscapeRight";
				INFOPLIST_KEY_UISupportedInterfaceOrientations_iPhone = "UIInterfaceOrientationPortrait UIInterfaceOrientationLandscapeLeft UIInterfaceOrientationLandscapeRight";
				IPHONEOS_DEPLOYMENT_TARGET = 16.6;
				LD_RUNPATH_SEARCH_PATHS = (
					"$(inherited)",
					"@executable_path/Frameworks",
				);
				MARKETING_VERSION = 1.0;
				PRODUCT_BUNDLE_IDENTIFIER = com.poc.GHUsers;
				PRODUCT_NAME = "$(TARGET_NAME)";
				SWIFT_EMIT_LOC_STRINGS = YES;
				SWIFT_VERSION = 5.0;
				TARGETED_DEVICE_FAMILY = "1,2";
			};
			name = Debug;
		};
		27AD4A152DAE07AE00EBFCC8 /* Release */ = {
			isa = XCBuildConfiguration;
			buildSettings = {
				ASSETCATALOG_COMPILER_APPICON_NAME = AppIcon;
				ASSETCATALOG_COMPILER_GLOBAL_ACCENT_COLOR_NAME = AccentColor;
				CODE_SIGN_STYLE = Automatic;
				CURRENT_PROJECT_VERSION = 1;
				GENERATE_INFOPLIST_FILE = YES;
				INFOPLIST_FILE = GHUsers/Config/Info.plist;
				INFOPLIST_KEY_UIApplicationSupportsIndirectInputEvents = YES;
				INFOPLIST_KEY_UILaunchStoryboardName = LaunchScreen;
				INFOPLIST_KEY_UISupportedInterfaceOrientations_iPad = "UIInterfaceOrientationPortrait UIInterfaceOrientationPortraitUpsideDown UIInterfaceOrientationLandscapeLeft UIInterfaceOrientationLandscapeRight";
				INFOPLIST_KEY_UISupportedInterfaceOrientations_iPhone = "UIInterfaceOrientationPortrait UIInterfaceOrientationLandscapeLeft UIInterfaceOrientationLandscapeRight";
				IPHONEOS_DEPLOYMENT_TARGET = 16.6;
				LD_RUNPATH_SEARCH_PATHS = (
					"$(inherited)",
					"@executable_path/Frameworks",
				);
				MARKETING_VERSION = 1.0;
				PRODUCT_BUNDLE_IDENTIFIER = com.poc.GHUsers;
				PRODUCT_NAME = "$(TARGET_NAME)";
				SWIFT_EMIT_LOC_STRINGS = YES;
				SWIFT_VERSION = 5.0;
				TARGETED_DEVICE_FAMILY = "1,2";
			};
			name = Release;
		};
		27AD4A162DAE07AE00EBFCC8 /* Debug */ = {
			isa = XCBuildConfiguration;
			buildSettings = {
				ALWAYS_SEARCH_USER_PATHS = NO;
				ASSETCATALOG_COMPILER_GENERATE_SWIFT_ASSET_SYMBOL_EXTENSIONS = YES;
				CLANG_ANALYZER_NONNULL = YES;
				CLANG_ANALYZER_NUMBER_OBJECT_CONVERSION = YES_AGGRESSIVE;
				CLANG_CXX_LANGUAGE_STANDARD = "gnu++20";
				CLANG_ENABLE_MODULES = YES;
				CLANG_ENABLE_OBJC_ARC = YES;
				CLANG_ENABLE_OBJC_WEAK = YES;
				CLANG_WARN_BLOCK_CAPTURE_AUTORELEASING = YES;
				CLANG_WARN_BOOL_CONVERSION = YES;
				CLANG_WARN_COMMA = YES;
				CLANG_WARN_CONSTANT_CONVERSION = YES;
				CLANG_WARN_DEPRECATED_OBJC_IMPLEMENTATIONS = YES;
				CLANG_WARN_DIRECT_OBJC_ISA_USAGE = YES_ERROR;
				CLANG_WARN_DOCUMENTATION_COMMENTS = YES;
				CLANG_WARN_EMPTY_BODY = YES;
				CLANG_WARN_ENUM_CONVERSION = YES;
				CLANG_WARN_INFINITE_RECURSION = YES;
				CLANG_WARN_INT_CONVERSION = YES;
				CLANG_WARN_NON_LITERAL_NULL_CONVERSION = YES;
				CLANG_WARN_OBJC_IMPLICIT_RETAIN_SELF = YES;
				CLANG_WARN_OBJC_LITERAL_CONVERSION = YES;
				CLANG_WARN_OBJC_ROOT_CLASS = YES_ERROR;
				CLANG_WARN_QUOTED_INCLUDE_IN_FRAMEWORK_HEADER = YES;
				CLANG_WARN_RANGE_LOOP_ANALYSIS = YES;
				CLANG_WARN_STRICT_PROTOTYPES = YES;
				CLANG_WARN_SUSPICIOUS_MOVE = YES;
				CLANG_WARN_UNGUARDED_AVAILABILITY = YES_AGGRESSIVE;
				CLANG_WARN_UNREACHABLE_CODE = YES;
				CLANG_WARN__DUPLICATE_METHOD_MATCH = YES;
				COPY_PHASE_STRIP = NO;
				DEBUG_INFORMATION_FORMAT = dwarf;
				ENABLE_STRICT_OBJC_MSGSEND = YES;
				ENABLE_TESTABILITY = YES;
				ENABLE_USER_SCRIPT_SANDBOXING = YES;
				GCC_C_LANGUAGE_STANDARD = gnu17;
				GCC_DYNAMIC_NO_PIC = NO;
				GCC_NO_COMMON_BLOCKS = YES;
				GCC_OPTIMIZATION_LEVEL = 0;
				GCC_PREPROCESSOR_DEFINITIONS = (
					"DEBUG=1",
					"$(inherited)",
				);
				GCC_WARN_64_TO_32_BIT_CONVERSION = YES;
				GCC_WARN_ABOUT_RETURN_TYPE = YES_ERROR;
				GCC_WARN_UNDECLARED_SELECTOR = YES;
				GCC_WARN_UNINITIALIZED_AUTOS = YES_AGGRESSIVE;
				GCC_WARN_UNUSED_FUNCTION = YES;
				GCC_WARN_UNUSED_VARIABLE = YES;
				IPHONEOS_DEPLOYMENT_TARGET = 18.2;
				LOCALIZATION_PREFERS_STRING_CATALOGS = YES;
				MTL_ENABLE_DEBUG_INFO = INCLUDE_SOURCE;
				MTL_FAST_MATH = YES;
				ONLY_ACTIVE_ARCH = YES;
				SDKROOT = iphoneos;
				SWIFT_ACTIVE_COMPILATION_CONDITIONS = "DEBUG $(inherited)";
				SWIFT_OPTIMIZATION_LEVEL = "-Onone";
			};
			name = Debug;
		};
		27AD4A172DAE07AE00EBFCC8 /* Release */ = {
			isa = XCBuildConfiguration;
			buildSettings = {
				ALWAYS_SEARCH_USER_PATHS = NO;
				ASSETCATALOG_COMPILER_GENERATE_SWIFT_ASSET_SYMBOL_EXTENSIONS = YES;
				CLANG_ANALYZER_NONNULL = YES;
				CLANG_ANALYZER_NUMBER_OBJECT_CONVERSION = YES_AGGRESSIVE;
				CLANG_CXX_LANGUAGE_STANDARD = "gnu++20";
				CLANG_ENABLE_MODULES = YES;
				CLANG_ENABLE_OBJC_ARC = YES;
				CLANG_ENABLE_OBJC_WEAK = YES;
				CLANG_WARN_BLOCK_CAPTURE_AUTORELEASING = YES;
				CLANG_WARN_BOOL_CONVERSION = YES;
				CLANG_WARN_COMMA = YES;
				CLANG_WARN_CONSTANT_CONVERSION = YES;
				CLANG_WARN_DEPRECATED_OBJC_IMPLEMENTATIONS = YES;
				CLANG_WARN_DIRECT_OBJC_ISA_USAGE = YES_ERROR;
				CLANG_WARN_DOCUMENTATION_COMMENTS = YES;
				CLANG_WARN_EMPTY_BODY = YES;
				CLANG_WARN_ENUM_CONVERSION = YES;
				CLANG_WARN_INFINITE_RECURSION = YES;
				CLANG_WARN_INT_CONVERSION = YES;
				CLANG_WARN_NON_LITERAL_NULL_CONVERSION = YES;
				CLANG_WARN_OBJC_IMPLICIT_RETAIN_SELF = YES;
				CLANG_WARN_OBJC_LITERAL_CONVERSION = YES;
				CLANG_WARN_OBJC_ROOT_CLASS = YES_ERROR;
				CLANG_WARN_QUOTED_INCLUDE_IN_FRAMEWORK_HEADER = YES;
				CLANG_WARN_RANGE_LOOP_ANALYSIS = YES;
				CLANG_WARN_STRICT_PROTOTYPES = YES;
				CLANG_WARN_SUSPICIOUS_MOVE = YES;
				CLANG_WARN_UNGUARDED_AVAILABILITY = YES_AGGRESSIVE;
				CLANG_WARN_UNREACHABLE_CODE = YES;
				CLANG_WARN__DUPLICATE_METHOD_MATCH = YES;
				COPY_PHASE_STRIP = NO;
				DEBUG_INFORMATION_FORMAT = "dwarf-with-dsym";
				ENABLE_NS_ASSERTIONS = NO;
				ENABLE_STRICT_OBJC_MSGSEND = YES;
				ENABLE_USER_SCRIPT_SANDBOXING = YES;
				GCC_C_LANGUAGE_STANDARD = gnu17;
				GCC_NO_COMMON_BLOCKS = YES;
				GCC_WARN_64_TO_32_BIT_CONVERSION = YES;
				GCC_WARN_ABOUT_RETURN_TYPE = YES_ERROR;
				GCC_WARN_UNDECLARED_SELECTOR = YES;
				GCC_WARN_UNINITIALIZED_AUTOS = YES_AGGRESSIVE;
				GCC_WARN_UNUSED_FUNCTION = YES;
				GCC_WARN_UNUSED_VARIABLE = YES;
				IPHONEOS_DEPLOYMENT_TARGET = 18.2;
				LOCALIZATION_PREFERS_STRING_CATALOGS = YES;
				MTL_ENABLE_DEBUG_INFO = NO;
				MTL_FAST_MATH = YES;
				SDKROOT = iphoneos;
				SWIFT_COMPILATION_MODE = wholemodule;
				VALIDATE_PRODUCT = YES;
			};
			name = Release;
		};
		27AD4A7D2DAEA00200EBFCC8 /* Debug */ = {
			isa = XCBuildConfiguration;
			buildSettings = {
				BUILD_LIBRARY_FOR_DISTRIBUTION = YES;
				CLANG_ENABLE_MODULES = YES;
				CODE_SIGN_STYLE = Automatic;
				CURRENT_PROJECT_VERSION = 1;
				DEFINES_MODULE = YES;
				DYLIB_COMPATIBILITY_VERSION = 1;
				DYLIB_CURRENT_VERSION = 1;
				DYLIB_INSTALL_NAME_BASE = "@rpath";
				ENABLE_MODULE_VERIFIER = YES;
				GENERATE_INFOPLIST_FILE = YES;
				INFOPLIST_KEY_NSHumanReadableCopyright = "";
				INSTALL_PATH = "$(LOCAL_LIBRARY_DIR)/Frameworks";
				IPHONEOS_DEPLOYMENT_TARGET = 16.6;
				LD_RUNPATH_SEARCH_PATHS = (
					"$(inherited)",
					"@executable_path/Frameworks",
					"@loader_path/Frameworks",
				);
				MARKETING_VERSION = 1.0;
				MODULE_VERIFIER_SUPPORTED_LANGUAGES = "objective-c objective-c++";
				MODULE_VERIFIER_SUPPORTED_LANGUAGE_STANDARDS = "gnu17 gnu++20";
				PRODUCT_BUNDLE_IDENTIFIER = com.poc.GHUsersCore;
				PRODUCT_NAME = "$(TARGET_NAME:c99extidentifier)";
				SKIP_INSTALL = YES;
				SWIFT_EMIT_LOC_STRINGS = YES;
				SWIFT_INSTALL_OBJC_HEADER = NO;
				SWIFT_OPTIMIZATION_LEVEL = "-Onone";
				SWIFT_VERSION = 5.0;
				TARGETED_DEVICE_FAMILY = "1,2";
				VERSIONING_SYSTEM = "apple-generic";
				VERSION_INFO_PREFIX = "";
			};
			name = Debug;
		};
		27AD4A7E2DAEA00200EBFCC8 /* Release */ = {
			isa = XCBuildConfiguration;
			buildSettings = {
				BUILD_LIBRARY_FOR_DISTRIBUTION = YES;
				CLANG_ENABLE_MODULES = YES;
				CODE_SIGN_STYLE = Automatic;
				CURRENT_PROJECT_VERSION = 1;
				DEFINES_MODULE = YES;
				DYLIB_COMPATIBILITY_VERSION = 1;
				DYLIB_CURRENT_VERSION = 1;
				DYLIB_INSTALL_NAME_BASE = "@rpath";
				ENABLE_MODULE_VERIFIER = YES;
				GENERATE_INFOPLIST_FILE = YES;
				INFOPLIST_KEY_NSHumanReadableCopyright = "";
				INSTALL_PATH = "$(LOCAL_LIBRARY_DIR)/Frameworks";
				IPHONEOS_DEPLOYMENT_TARGET = 16.6;
				LD_RUNPATH_SEARCH_PATHS = (
					"$(inherited)",
					"@executable_path/Frameworks",
					"@loader_path/Frameworks",
				);
				MARKETING_VERSION = 1.0;
				MODULE_VERIFIER_SUPPORTED_LANGUAGES = "objective-c objective-c++";
				MODULE_VERIFIER_SUPPORTED_LANGUAGE_STANDARDS = "gnu17 gnu++20";
				PRODUCT_BUNDLE_IDENTIFIER = com.poc.GHUsersCore;
				PRODUCT_NAME = "$(TARGET_NAME:c99extidentifier)";
				SKIP_INSTALL = YES;
				SWIFT_EMIT_LOC_STRINGS = YES;
				SWIFT_INSTALL_OBJC_HEADER = NO;
				SWIFT_VERSION = 5.0;
				TARGETED_DEVICE_FAMILY = "1,2";
				VERSIONING_SYSTEM = "apple-generic";
				VERSION_INFO_PREFIX = "";
			};
			name = Release;
		};
		27D818242DB0EA21001A0776 /* Debug */ = {
			isa = XCBuildConfiguration;
			buildSettings = {
				CODE_SIGN_STYLE = Automatic;
				CURRENT_PROJECT_VERSION = 1;
				GENERATE_INFOPLIST_FILE = YES;
				IPHONEOS_DEPLOYMENT_TARGET = 16.6;
				MARKETING_VERSION = 1.0;
				PRODUCT_BUNDLE_IDENTIFIER = com.poc.GHUsersUITests;
				PRODUCT_NAME = "$(TARGET_NAME)";
				SWIFT_EMIT_LOC_STRINGS = NO;
				SWIFT_VERSION = 5.0;
				TARGETED_DEVICE_FAMILY = "1,2";
				TEST_TARGET_NAME = GHUsers;
			};
			name = Debug;
		};
		27D818252DB0EA21001A0776 /* Release */ = {
			isa = XCBuildConfiguration;
			buildSettings = {
				CODE_SIGN_STYLE = Automatic;
				CURRENT_PROJECT_VERSION = 1;
				GENERATE_INFOPLIST_FILE = YES;
				IPHONEOS_DEPLOYMENT_TARGET = 16.6;
				MARKETING_VERSION = 1.0;
				PRODUCT_BUNDLE_IDENTIFIER = com.poc.GHUsersUITests;
				PRODUCT_NAME = "$(TARGET_NAME)";
				SWIFT_EMIT_LOC_STRINGS = NO;
				SWIFT_VERSION = 5.0;
				TARGETED_DEVICE_FAMILY = "1,2";
				TEST_TARGET_NAME = GHUsers;
			};
			name = Release;
		};
		27EA49AE2DB0255E00646B38 /* Debug */ = {
			isa = XCBuildConfiguration;
			buildSettings = {
				CLANG_ENABLE_MODULES = YES;
				CODE_SIGN_STYLE = Automatic;
				CURRENT_PROJECT_VERSION = 1;
				GENERATE_INFOPLIST_FILE = YES;
				IPHONEOS_DEPLOYMENT_TARGET = 16.6;
				MARKETING_VERSION = 1.0;
				PRODUCT_BUNDLE_IDENTIFIER = com.poc.GHUsersCoreTests;
				PRODUCT_NAME = "$(TARGET_NAME)";
				SWIFT_EMIT_LOC_STRINGS = NO;
				SWIFT_OPTIMIZATION_LEVEL = "-Onone";
				SWIFT_VERSION = 5.0;
				TARGETED_DEVICE_FAMILY = "1,2";
			};
			name = Debug;
		};
		27EA49AF2DB0255E00646B38 /* Release */ = {
			isa = XCBuildConfiguration;
			buildSettings = {
				CLANG_ENABLE_MODULES = YES;
				CODE_SIGN_STYLE = Automatic;
				CURRENT_PROJECT_VERSION = 1;
				GENERATE_INFOPLIST_FILE = YES;
				IPHONEOS_DEPLOYMENT_TARGET = 16.6;
				MARKETING_VERSION = 1.0;
				PRODUCT_BUNDLE_IDENTIFIER = com.poc.GHUsersCoreTests;
				PRODUCT_NAME = "$(TARGET_NAME)";
				SWIFT_EMIT_LOC_STRINGS = NO;
				SWIFT_VERSION = 5.0;
				TARGETED_DEVICE_FAMILY = "1,2";
			};
			name = Release;
		};
/* End XCBuildConfiguration section */

/* Begin XCConfigurationList section */
		27AD49FB2DAE07AC00EBFCC8 /* Build configuration list for PBXProject "GHUsers" */ = {
			isa = XCConfigurationList;
			buildConfigurations = (
				27AD4A162DAE07AE00EBFCC8 /* Debug */,
				27AD4A172DAE07AE00EBFCC8 /* Release */,
			);
			defaultConfigurationIsVisible = 0;
			defaultConfigurationName = Release;
		};
		27AD4A132DAE07AE00EBFCC8 /* Build configuration list for PBXNativeTarget "GHUsers" */ = {
			isa = XCConfigurationList;
			buildConfigurations = (
				27AD4A142DAE07AE00EBFCC8 /* Debug */,
				27AD4A152DAE07AE00EBFCC8 /* Release */,
			);
			defaultConfigurationIsVisible = 0;
			defaultConfigurationName = Release;
		};
		27AD4A7C2DAEA00200EBFCC8 /* Build configuration list for PBXNativeTarget "GHUsersCore" */ = {
			isa = XCConfigurationList;
			buildConfigurations = (
				27AD4A7D2DAEA00200EBFCC8 /* Debug */,
				27AD4A7E2DAEA00200EBFCC8 /* Release */,
			);
			defaultConfigurationIsVisible = 0;
			defaultConfigurationName = Release;
		};
		27D818262DB0EA21001A0776 /* Build configuration list for PBXNativeTarget "GHUsersUITests" */ = {
			isa = XCConfigurationList;
			buildConfigurations = (
				27D818242DB0EA21001A0776 /* Debug */,
				27D818252DB0EA21001A0776 /* Release */,
			);
			defaultConfigurationIsVisible = 0;
			defaultConfigurationName = Release;
		};
		27EA49AD2DB0255E00646B38 /* Build configuration list for PBXNativeTarget "GHUsersCoreTests" */ = {
			isa = XCConfigurationList;
			buildConfigurations = (
				27EA49AE2DB0255E00646B38 /* Debug */,
				27EA49AF2DB0255E00646B38 /* Release */,
			);
			defaultConfigurationIsVisible = 0;
			defaultConfigurationName = Release;
		};
/* End XCConfigurationList section */
	};
	rootObject = 27AD49F82DAE07AC00EBFCC8 /* Project object */;
}
